
Microsoft Visual Studio Solution File, Format Version 12.00
# Visual Studio Version 17
VisualStudioVersion = 17.1.32421.90
MinimumVisualStudioVersion = 10.0.40219.1
Project("{FAE04EC0-301F-11D3-BF4B-00C04F79EFBC}") = "220517 useAPI", "220517 useAPI\220517 useAPI.csproj", "{F99E9E0F-5701-48AD-9FD2-AB5A8FF03ACA}"
EndProject
Global
	GlobalSection(SolutionConfigurationPlatforms) = preSolution
		Debug|Any CPU = Debug|Any CPU
		Release|Any CPU = Release|Any CPU
	EndGlobalSection
	GlobalSection(ProjectConfigurationPlatforms) = postSolution
		{F99E9E0F-5701-48AD-9FD2-AB5A8FF03ACA}.Debug|Any CPU.ActiveCfg = Debug|Any CPU
		{F99E9E0F-5701-48AD-9FD2-AB5A8FF03ACA}.Debug|Any CPU.Build.0 = Debug|Any CPU
		{F99E9E0F-5701-48AD-9FD2-AB5A8FF03ACA}.Release|Any CPU.ActiveCfg = Release|Any CPU
		{F99E9E0F-5701-48AD-9FD2-AB5A8FF03ACA}.Release|Any CPU.Build.0 = Release|Any CPU
	EndGlobalSection
	GlobalSection(SolutionProperties) = preSolution
		HideSolutionNode = FALSE
	EndGlobalSection
	GlobalSection(ExtensibilityGlobals) = postSolution
		SolutionGuid = {0FBA6414-141F-48C4-A791-C45C51033C83}
	EndGlobalSection
EndGlobal
